// !$*UTF8*$!
{
	archiveVersion = 1;
	classes = {
	};
	objectVersion = 50;
	objects = {

/* Begin PBXBuildFile section */
		AB0AFBA722A66C1D00903D14 /* AppDelegate.m in Sources */ = {isa = PBXBuildFile; fileRef = AB0AFBA622A66C1D00903D14 /* AppDelegate.m */; };
		AB0AFBAA22A66C1D00903D14 /* ViewController.m in Sources */ = {isa = PBXBuildFile; fileRef = AB0AFBA922A66C1D00903D14 /* ViewController.m */; };
		AB0AFBAD22A66C1D00903D14 /* Main.storyboard in Resources */ = {isa = PBXBuildFile; fileRef = AB0AFBAB22A66C1D00903D14 /* Main.storyboard */; };
		AB0AFBAF22A66C1E00903D14 /* Assets.xcassets in Resources */ = {isa = PBXBuildFile; fileRef = AB0AFBAE22A66C1E00903D14 /* Assets.xcassets */; };
		AB0AFBB222A66C1E00903D14 /* LaunchScreen.storyboard in Resources */ = {isa = PBXBuildFile; fileRef = AB0AFBB022A66C1E00903D14 /* LaunchScreen.storyboard */; };
		AB0AFBB522A66C1E00903D14 /* main.m in Sources */ = {isa = PBXBuildFile; fileRef = AB0AFBB422A66C1E00903D14 /* main.m */; };
		AB0AFBBF22A66C1E00903D14 /* ELKChained_masterTests.m in Sources */ = {isa = PBXBuildFile; fileRef = AB0AFBBE22A66C1E00903D14 /* ELKChained_masterTests.m */; };
		AB0AFBCA22A66C1E00903D14 /* ELKChained_masterUITests.m in Sources */ = {isa = PBXBuildFile; fileRef = AB0AFBC922A66C1E00903D14 /* ELKChained_masterUITests.m */; };
		AB0D2DB522C2201100AFEAF8 /* UIFont+ELKChainedAlloy.m in Sources */ = {isa = PBXBuildFile; fileRef = AB0D2DB422C2201100AFEAF8 /* UIFont+ELKChainedAlloy.m */; };
		AB0D2DB822C2201F00AFEAF8 /* UIColor+ELKChainedAlloy.m in Sources */ = {isa = PBXBuildFile; fileRef = AB0D2DB722C2201F00AFEAF8 /* UIColor+ELKChainedAlloy.m */; };
		AB25EB902327331E007D606D /* UITableViewCell+ELKChainedAlloy.m in Sources */ = {isa = PBXBuildFile; fileRef = AB25EB8F2327331E007D606D /* UITableViewCell+ELKChainedAlloy.m */; };
		AB25EB96232744AD007D606D /* UICollectionViewFlowLayout+ELKChainedAlloy.m in Sources */ = {isa = PBXBuildFile; fileRef = AB25EB95232744AD007D606D /* UICollectionViewFlowLayout+ELKChainedAlloy.m */; };
		AB2F686F22B7449B0068ACA6 /* UICollectionView+ELKChainedAlloy.m in Sources */ = {isa = PBXBuildFile; fileRef = AB2F685622B7449A0068ACA6 /* UICollectionView+ELKChainedAlloy.m */; };
		AB2F687022B7449B0068ACA6 /* UITableView+ELKChainedAlloy.m in Sources */ = {isa = PBXBuildFile; fileRef = AB2F685722B7449A0068ACA6 /* UITableView+ELKChainedAlloy.m */; };
		AB2F687122B7449B0068ACA6 /* UIScrollView+ELKChainedAlloy.m in Sources */ = {isa = PBXBuildFile; fileRef = AB2F685822B7449A0068ACA6 /* UIScrollView+ELKChainedAlloy.m */; };
		AB2F687222B7449B0068ACA6 /* UILabel+ELKChainedAlloy.m in Sources */ = {isa = PBXBuildFile; fileRef = AB2F685922B7449A0068ACA6 /* UILabel+ELKChainedAlloy.m */; };
		AB2F687322B7449B0068ACA6 /* UIImageView+ELKChainedAlloy.m in Sources */ = {isa = PBXBuildFile; fileRef = AB2F685A22B7449A0068ACA6 /* UIImageView+ELKChainedAlloy.m */; };
		AB2F687422B7449B0068ACA6 /* UITextView+ELKChainedAlloy.m in Sources */ = {isa = PBXBuildFile; fileRef = AB2F685E22B7449A0068ACA6 /* UITextView+ELKChainedAlloy.m */; };
		AB2F687522B7449B0068ACA6 /* UITextField+ELKChainedAlloy.m in Sources */ = {isa = PBXBuildFile; fileRef = AB2F685F22B7449A0068ACA6 /* UITextField+ELKChainedAlloy.m */; };
		AB2F687622B7449B0068ACA6 /* UIView+ELKChainedAlloy.m in Sources */ = {isa = PBXBuildFile; fileRef = AB2F686022B7449A0068ACA6 /* UIView+ELKChainedAlloy.m */; };
		AB2F687722B7449B0068ACA6 /* UIControl+ELKChainedAlloy.m in Sources */ = {isa = PBXBuildFile; fileRef = AB2F686522B7449A0068ACA6 /* UIControl+ELKChainedAlloy.m */; };
		AB2F687822B7449B0068ACA6 /* UIButton+ELKChainedAlloy.m in Sources */ = {isa = PBXBuildFile; fileRef = AB2F686622B7449A0068ACA6 /* UIButton+ELKChainedAlloy.m */; };
		AB2F687922B7449B0068ACA6 /* NSObject+ELKChainedAlloy.m in Sources */ = {isa = PBXBuildFile; fileRef = AB2F686C22B7449A0068ACA6 /* NSObject+ELKChainedAlloy.m */; };
		AB2F687A22B7449B0068ACA6 /* NSString+ELKChainedAlloy.m in Sources */ = {isa = PBXBuildFile; fileRef = AB2F686D22B7449A0068ACA6 /* NSString+ELKChainedAlloy.m */; };
/* End PBXBuildFile section */

/* Begin PBXContainerItemProxy section */
		AB0AFBBB22A66C1E00903D14 /* PBXContainerItemProxy */ = {
			isa = PBXContainerItemProxy;
			containerPortal = AB0AFB9A22A66C1D00903D14 /* Project object */;
			proxyType = 1;
			remoteGlobalIDString = AB0AFBA122A66C1D00903D14;
			remoteInfo = "ELKChained-master";
		};
		AB0AFBC622A66C1E00903D14 /* PBXContainerItemProxy */ = {
			isa = PBXContainerItemProxy;
			containerPortal = AB0AFB9A22A66C1D00903D14 /* Project object */;
			proxyType = 1;
			remoteGlobalIDString = AB0AFBA122A66C1D00903D14;
			remoteInfo = "ELKChained-master";
		};
/* End PBXContainerItemProxy section */

/* Begin PBXFileReference section */
		AB0AFBA222A66C1D00903D14 /* ELKChained-master.app */ = {isa = PBXFileReference; explicitFileType = wrapper.application; includeInIndex = 0; path = "ELKChained-master.app"; sourceTree = BUILT_PRODUCTS_DIR; };
		AB0AFBA522A66C1D00903D14 /* AppDelegate.h */ = {isa = PBXFileReference; lastKnownFileType = sourcecode.c.h; path = AppDelegate.h; sourceTree = "<group>"; };
		AB0AFBA622A66C1D00903D14 /* AppDelegate.m */ = {isa = PBXFileReference; lastKnownFileType = sourcecode.c.objc; path = AppDelegate.m; sourceTree = "<group>"; };
		AB0AFBA822A66C1D00903D14 /* ViewController.h */ = {isa = PBXFileReference; lastKnownFileType = sourcecode.c.h; path = ViewController.h; sourceTree = "<group>"; };
		AB0AFBA922A66C1D00903D14 /* ViewController.m */ = {isa = PBXFileReference; lastKnownFileType = sourcecode.c.objc; path = ViewController.m; sourceTree = "<group>"; };
		AB0AFBAC22A66C1D00903D14 /* Base */ = {isa = PBXFileReference; lastKnownFileType = file.storyboard; name = Base; path = Base.lproj/Main.storyboard; sourceTree = "<group>"; };
		AB0AFBAE22A66C1E00903D14 /* Assets.xcassets */ = {isa = PBXFileReference; lastKnownFileType = folder.assetcatalog; path = Assets.xcassets; sourceTree = "<group>"; };
		AB0AFBB122A66C1E00903D14 /* Base */ = {isa = PBXFileReference; lastKnownFileType = file.storyboard; name = Base; path = Base.lproj/LaunchScreen.storyboard; sourceTree = "<group>"; };
		AB0AFBB322A66C1E00903D14 /* Info.plist */ = {isa = PBXFileReference; lastKnownFileType = text.plist.xml; path = Info.plist; sourceTree = "<group>"; };
		AB0AFBB422A66C1E00903D14 /* main.m */ = {isa = PBXFileReference; lastKnownFileType = sourcecode.c.objc; path = main.m; sourceTree = "<group>"; };
		AB0AFBBA22A66C1E00903D14 /* ELKChained-masterTests.xctest */ = {isa = PBXFileReference; explicitFileType = wrapper.cfbundle; includeInIndex = 0; path = "ELKChained-masterTests.xctest"; sourceTree = BUILT_PRODUCTS_DIR; };
		AB0AFBBE22A66C1E00903D14 /* ELKChained_masterTests.m */ = {isa = PBXFileReference; lastKnownFileType = sourcecode.c.objc; path = ELKChained_masterTests.m; sourceTree = "<group>"; };
		AB0AFBC022A66C1E00903D14 /* Info.plist */ = {isa = PBXFileReference; lastKnownFileType = text.plist.xml; path = Info.plist; sourceTree = "<group>"; };
		AB0AFBC522A66C1E00903D14 /* ELKChained-masterUITests.xctest */ = {isa = PBXFileReference; explicitFileType = wrapper.cfbundle; includeInIndex = 0; path = "ELKChained-masterUITests.xctest"; sourceTree = BUILT_PRODUCTS_DIR; };
		AB0AFBC922A66C1E00903D14 /* ELKChained_masterUITests.m */ = {isa = PBXFileReference; lastKnownFileType = sourcecode.c.objc; path = ELKChained_masterUITests.m; sourceTree = "<group>"; };
		AB0AFBCB22A66C1E00903D14 /* Info.plist */ = {isa = PBXFileReference; lastKnownFileType = text.plist.xml; path = Info.plist; sourceTree = "<group>"; };
		AB0D2DB322C2201100AFEAF8 /* UIFont+ELKChainedAlloy.h */ = {isa = PBXFileReference; lastKnownFileType = sourcecode.c.h; path = "UIFont+ELKChainedAlloy.h"; sourceTree = "<group>"; };
		AB0D2DB422C2201100AFEAF8 /* UIFont+ELKChainedAlloy.m */ = {isa = PBXFileReference; lastKnownFileType = sourcecode.c.objc; path = "UIFont+ELKChainedAlloy.m"; sourceTree = "<group>"; };
		AB0D2DB622C2201F00AFEAF8 /* UIColor+ELKChainedAlloy.h */ = {isa = PBXFileReference; lastKnownFileType = sourcecode.c.h; path = "UIColor+ELKChainedAlloy.h"; sourceTree = "<group>"; };
		AB0D2DB722C2201F00AFEAF8 /* UIColor+ELKChainedAlloy.m */ = {isa = PBXFileReference; lastKnownFileType = sourcecode.c.objc; path = "UIColor+ELKChainedAlloy.m"; sourceTree = "<group>"; };
		AB25EB8E2327331E007D606D /* UITableViewCell+ELKChainedAlloy.h */ = {isa = PBXFileReference; lastKnownFileType = sourcecode.c.h; path = "UITableViewCell+ELKChainedAlloy.h"; sourceTree = "<group>"; };
		AB25EB8F2327331E007D606D /* UITableViewCell+ELKChainedAlloy.m */ = {isa = PBXFileReference; lastKnownFileType = sourcecode.c.objc; path = "UITableViewCell+ELKChainedAlloy.m"; sourceTree = "<group>"; };
		AB25EB94232744AD007D606D /* UICollectionViewFlowLayout+ELKChainedAlloy.h */ = {isa = PBXFileReference; lastKnownFileType = sourcecode.c.h; path = "UICollectionViewFlowLayout+ELKChainedAlloy.h"; sourceTree = "<group>"; };
		AB25EB95232744AD007D606D /* UICollectionViewFlowLayout+ELKChainedAlloy.m */ = {isa = PBXFileReference; lastKnownFileType = sourcecode.c.objc; path = "UICollectionViewFlowLayout+ELKChainedAlloy.m"; sourceTree = "<group>"; };
		AB2F685322B7449A0068ACA6 /* UICollectionView+ELKChainedAlloy.h */ = {isa = PBXFileReference; fileEncoding = 4; lastKnownFileType = sourcecode.c.h; path = "UICollectionView+ELKChainedAlloy.h"; sourceTree = "<group>"; };
		AB2F685422B7449A0068ACA6 /* UIScrollView+ELKChainedAlloy.h */ = {isa = PBXFileReference; fileEncoding = 4; lastKnownFileType = sourcecode.c.h; path = "UIScrollView+ELKChainedAlloy.h"; sourceTree = "<group>"; };
		AB2F685522B7449A0068ACA6 /* UITableView+ELKChainedAlloy.h */ = {isa = PBXFileReference; fileEncoding = 4; lastKnownFileType = sourcecode.c.h; path = "UITableView+ELKChainedAlloy.h"; sourceTree = "<group>"; };
		AB2F685622B7449A0068ACA6 /* UICollectionView+ELKChainedAlloy.m */ = {isa = PBXFileReference; fileEncoding = 4; lastKnownFileType = sourcecode.c.objc; path = "UICollectionView+ELKChainedAlloy.m"; sourceTree = "<group>"; };
		AB2F685722B7449A0068ACA6 /* UITableView+ELKChainedAlloy.m */ = {isa = PBXFileReference; fileEncoding = 4; lastKnownFileType = sourcecode.c.objc; path = "UITableView+ELKChainedAlloy.m"; sourceTree = "<group>"; };
		AB2F685822B7449A0068ACA6 /* UIScrollView+ELKChainedAlloy.m */ = {isa = PBXFileReference; fileEncoding = 4; lastKnownFileType = sourcecode.c.objc; path = "UIScrollView+ELKChainedAlloy.m"; sourceTree = "<group>"; };
		AB2F685922B7449A0068ACA6 /* UILabel+ELKChainedAlloy.m */ = {isa = PBXFileReference; fileEncoding = 4; lastKnownFileType = sourcecode.c.objc; path = "UILabel+ELKChainedAlloy.m"; sourceTree = "<group>"; };
		AB2F685A22B7449A0068ACA6 /* UIImageView+ELKChainedAlloy.m */ = {isa = PBXFileReference; fileEncoding = 4; lastKnownFileType = sourcecode.c.objc; path = "UIImageView+ELKChainedAlloy.m"; sourceTree = "<group>"; };
		AB2F685C22B7449A0068ACA6 /* UITextView+ELKChainedAlloy.h */ = {isa = PBXFileReference; fileEncoding = 4; lastKnownFileType = sourcecode.c.h; path = "UITextView+ELKChainedAlloy.h"; sourceTree = "<group>"; };
		AB2F685D22B7449A0068ACA6 /* UITextField+ELKChainedAlloy.h */ = {isa = PBXFileReference; fileEncoding = 4; lastKnownFileType = sourcecode.c.h; path = "UITextField+ELKChainedAlloy.h"; sourceTree = "<group>"; };
		AB2F685E22B7449A0068ACA6 /* UITextView+ELKChainedAlloy.m */ = {isa = PBXFileReference; fileEncoding = 4; lastKnownFileType = sourcecode.c.objc; path = "UITextView+ELKChainedAlloy.m"; sourceTree = "<group>"; };
		AB2F685F22B7449A0068ACA6 /* UITextField+ELKChainedAlloy.m */ = {isa = PBXFileReference; fileEncoding = 4; lastKnownFileType = sourcecode.c.objc; path = "UITextField+ELKChainedAlloy.m"; sourceTree = "<group>"; };
		AB2F686022B7449A0068ACA6 /* UIView+ELKChainedAlloy.m */ = {isa = PBXFileReference; fileEncoding = 4; lastKnownFileType = sourcecode.c.objc; path = "UIView+ELKChainedAlloy.m"; sourceTree = "<group>"; };
		AB2F686122B7449A0068ACA6 /* UIImageView+ELKChainedAlloy.h */ = {isa = PBXFileReference; fileEncoding = 4; lastKnownFileType = sourcecode.c.h; path = "UIImageView+ELKChainedAlloy.h"; sourceTree = "<group>"; };
		AB2F686222B7449A0068ACA6 /* UILabel+ELKChainedAlloy.h */ = {isa = PBXFileReference; fileEncoding = 4; lastKnownFileType = sourcecode.c.h; path = "UILabel+ELKChainedAlloy.h"; sourceTree = "<group>"; };
		AB2F686422B7449A0068ACA6 /* UIButton+ELKChainedAlloy.h */ = {isa = PBXFileReference; fileEncoding = 4; lastKnownFileType = sourcecode.c.h; path = "UIButton+ELKChainedAlloy.h"; sourceTree = "<group>"; };
		AB2F686522B7449A0068ACA6 /* UIControl+ELKChainedAlloy.m */ = {isa = PBXFileReference; fileEncoding = 4; lastKnownFileType = sourcecode.c.objc; path = "UIControl+ELKChainedAlloy.m"; sourceTree = "<group>"; };
		AB2F686622B7449A0068ACA6 /* UIButton+ELKChainedAlloy.m */ = {isa = PBXFileReference; fileEncoding = 4; lastKnownFileType = sourcecode.c.objc; path = "UIButton+ELKChainedAlloy.m"; sourceTree = "<group>"; };
		AB2F686722B7449A0068ACA6 /* UIControl+ELKChainedAlloy.h */ = {isa = PBXFileReference; fileEncoding = 4; lastKnownFileType = sourcecode.c.h; path = "UIControl+ELKChainedAlloy.h"; sourceTree = "<group>"; };
		AB2F686822B7449A0068ACA6 /* UIView+ELKChainedAlloy.h */ = {isa = PBXFileReference; fileEncoding = 4; lastKnownFileType = sourcecode.c.h; path = "UIView+ELKChainedAlloy.h"; sourceTree = "<group>"; };
		AB2F686A22B7449A0068ACA6 /* NSObject+ELKChainedAlloy.h */ = {isa = PBXFileReference; fileEncoding = 4; lastKnownFileType = sourcecode.c.h; path = "NSObject+ELKChainedAlloy.h"; sourceTree = "<group>"; };
		AB2F686B22B7449A0068ACA6 /* NSString+ELKChainedAlloy.h */ = {isa = PBXFileReference; fileEncoding = 4; lastKnownFileType = sourcecode.c.h; path = "NSString+ELKChainedAlloy.h"; sourceTree = "<group>"; };
		AB2F686C22B7449A0068ACA6 /* NSObject+ELKChainedAlloy.m */ = {isa = PBXFileReference; fileEncoding = 4; lastKnownFileType = sourcecode.c.objc; path = "NSObject+ELKChainedAlloy.m"; sourceTree = "<group>"; };
		AB2F686D22B7449A0068ACA6 /* NSString+ELKChainedAlloy.m */ = {isa = PBXFileReference; fileEncoding = 4; lastKnownFileType = sourcecode.c.objc; path = "NSString+ELKChainedAlloy.m"; sourceTree = "<group>"; };
		AB2F686E22B7449A0068ACA6 /* ELKChainedAlloy.h */ = {isa = PBXFileReference; fileEncoding = 4; lastKnownFileType = sourcecode.c.h; path = ELKChainedAlloy.h; sourceTree = "<group>"; };
/* End PBXFileReference section */

/* Begin PBXFrameworksBuildPhase section */
		AB0AFB9F22A66C1D00903D14 /* Frameworks */ = {
			isa = PBXFrameworksBuildPhase;
			buildActionMask = 2147483647;
			files = (
			);
			runOnlyForDeploymentPostprocessing = 0;
		};
		AB0AFBB722A66C1E00903D14 /* Frameworks */ = {
			isa = PBXFrameworksBuildPhase;
			buildActionMask = 2147483647;
			files = (
			);
			runOnlyForDeploymentPostprocessing = 0;
		};
		AB0AFBC222A66C1E00903D14 /* Frameworks */ = {
			isa = PBXFrameworksBuildPhase;
			buildActionMask = 2147483647;
			files = (
			);
			runOnlyForDeploymentPostprocessing = 0;
		};
/* End PBXFrameworksBuildPhase section */

/* Begin PBXGroup section */
		AB0AFB9922A66C1D00903D14 = {
			isa = PBXGroup;
			children = (
				AB0AFBA422A66C1D00903D14 /* ELKChained-master */,
				AB0AFBBD22A66C1E00903D14 /* ELKChained-masterTests */,
				AB0AFBC822A66C1E00903D14 /* ELKChained-masterUITests */,
				AB0AFBA322A66C1D00903D14 /* Products */,
			);
			sourceTree = "<group>";
		};
		AB0AFBA322A66C1D00903D14 /* Products */ = {
			isa = PBXGroup;
			children = (
				AB0AFBA222A66C1D00903D14 /* ELKChained-master.app */,
				AB0AFBBA22A66C1E00903D14 /* ELKChained-masterTests.xctest */,
				AB0AFBC522A66C1E00903D14 /* ELKChained-masterUITests.xctest */,
			);
			name = Products;
			sourceTree = "<group>";
		};
		AB0AFBA422A66C1D00903D14 /* ELKChained-master */ = {
			isa = PBXGroup;
			children = (
				AB0AFBA522A66C1D00903D14 /* AppDelegate.h */,
				AB0AFBA622A66C1D00903D14 /* AppDelegate.m */,
				AB322F222318199700FC393E /* ELKChained-Example */,
				AB2F685022B7449A0068ACA6 /* ELKChainedAlloy */,
				AB5FD8B522A78F5200BD8A3E /* Supports */,
			);
			path = "ELKChained-master";
			sourceTree = "<group>";
		};
		AB0AFBBD22A66C1E00903D14 /* ELKChained-masterTests */ = {
			isa = PBXGroup;
			children = (
				AB0AFBBE22A66C1E00903D14 /* ELKChained_masterTests.m */,
				AB0AFBC022A66C1E00903D14 /* Info.plist */,
			);
			path = "ELKChained-masterTests";
			sourceTree = "<group>";
		};
		AB0AFBC822A66C1E00903D14 /* ELKChained-masterUITests */ = {
			isa = PBXGroup;
			children = (
				AB0AFBC922A66C1E00903D14 /* ELKChained_masterUITests.m */,
				AB0AFBCB22A66C1E00903D14 /* Info.plist */,
			);
			path = "ELKChained-masterUITests";
			sourceTree = "<group>";
		};
		AB0D2DB222C21FA900AFEAF8 /* Trait */ = {
			isa = PBXGroup;
			children = (
				AB0D2DB622C2201F00AFEAF8 /* UIColor+ELKChainedAlloy.h */,
				AB0D2DB722C2201F00AFEAF8 /* UIColor+ELKChainedAlloy.m */,
				AB0D2DB322C2201100AFEAF8 /* UIFont+ELKChainedAlloy.h */,
				AB0D2DB422C2201100AFEAF8 /* UIFont+ELKChainedAlloy.m */,
			);
			path = Trait;
			sourceTree = "<group>";
		};
		AB2F685022B7449A0068ACA6 /* ELKChainedAlloy */ = {
			isa = PBXGroup;
			children = (
				AB2F686E22B7449A0068ACA6 /* ELKChainedAlloy.h */,
				AB2F686922B7449A0068ACA6 /* Foundation */,
				AB2F685122B7449A0068ACA6 /* UIKit */,
			);
			path = ELKChainedAlloy;
			sourceTree = SOURCE_ROOT;
		};
		AB2F685122B7449A0068ACA6 /* UIKit */ = {
			isa = PBXGroup;
			children = (
				AB0D2DB222C21FA900AFEAF8 /* Trait */,
				AB2F686322B7449A0068ACA6 /* Control */,
				AB2F685222B7449A0068ACA6 /* ScrollView */,
				AB2F685B22B7449A0068ACA6 /* TextInput */,
				AB2F686122B7449A0068ACA6 /* UIImageView+ELKChainedAlloy.h */,
				AB2F685A22B7449A0068ACA6 /* UIImageView+ELKChainedAlloy.m */,
				AB2F686222B7449A0068ACA6 /* UILabel+ELKChainedAlloy.h */,
				AB2F685922B7449A0068ACA6 /* UILabel+ELKChainedAlloy.m */,
				AB2F686822B7449A0068ACA6 /* UIView+ELKChainedAlloy.h */,
				AB2F686022B7449A0068ACA6 /* UIView+ELKChainedAlloy.m */,
			);
			path = UIKit;
			sourceTree = "<group>";
		};
		AB2F685222B7449A0068ACA6 /* ScrollView */ = {
			isa = PBXGroup;
			children = (
				AB2F685322B7449A0068ACA6 /* UICollectionView+ELKChainedAlloy.h */,
				AB2F685622B7449A0068ACA6 /* UICollectionView+ELKChainedAlloy.m */,
				AB25EB94232744AD007D606D /* UICollectionViewFlowLayout+ELKChainedAlloy.h */,
				AB25EB95232744AD007D606D /* UICollectionViewFlowLayout+ELKChainedAlloy.m */,
				AB2F685422B7449A0068ACA6 /* UIScrollView+ELKChainedAlloy.h */,
				AB2F685822B7449A0068ACA6 /* UIScrollView+ELKChainedAlloy.m */,
				AB2F685522B7449A0068ACA6 /* UITableView+ELKChainedAlloy.h */,
				AB2F685722B7449A0068ACA6 /* UITableView+ELKChainedAlloy.m */,
				AB25EB8E2327331E007D606D /* UITableViewCell+ELKChainedAlloy.h */,
				AB25EB8F2327331E007D606D /* UITableViewCell+ELKChainedAlloy.m */,
			);
			path = ScrollView;
			sourceTree = "<group>";
		};
		AB2F685B22B7449A0068ACA6 /* TextInput */ = {
			isa = PBXGroup;
			children = (
				AB2F685D22B7449A0068ACA6 /* UITextField+ELKChainedAlloy.h */,
				AB2F685F22B7449A0068ACA6 /* UITextField+ELKChainedAlloy.m */,
				AB2F685C22B7449A0068ACA6 /* UITextView+ELKChainedAlloy.h */,
				AB2F685E22B7449A0068ACA6 /* UITextView+ELKChainedAlloy.m */,
			);
			path = TextInput;
			sourceTree = "<group>";
		};
		AB2F686322B7449A0068ACA6 /* Control */ = {
			isa = PBXGroup;
			children = (
				AB2F686422B7449A0068ACA6 /* UIButton+ELKChainedAlloy.h */,
				AB2F686622B7449A0068ACA6 /* UIButton+ELKChainedAlloy.m */,
				AB2F686722B7449A0068ACA6 /* UIControl+ELKChainedAlloy.h */,
				AB2F686522B7449A0068ACA6 /* UIControl+ELKChainedAlloy.m */,
			);
			path = Control;
			sourceTree = "<group>";
		};
		AB2F686922B7449A0068ACA6 /* Foundation */ = {
			isa = PBXGroup;
			children = (
				AB2F686A22B7449A0068ACA6 /* NSObject+ELKChainedAlloy.h */,
				AB2F686C22B7449A0068ACA6 /* NSObject+ELKChainedAlloy.m */,
				AB2F686B22B7449A0068ACA6 /* NSString+ELKChainedAlloy.h */,
				AB2F686D22B7449A0068ACA6 /* NSString+ELKChainedAlloy.m */,
			);
			path = Foundation;
			sourceTree = "<group>";
		};
		AB322F222318199700FC393E /* ELKChained-Example */ = {
			isa = PBXGroup;
			children = (
				AB0AFBA822A66C1D00903D14 /* ViewController.h */,
				AB0AFBA922A66C1D00903D14 /* ViewController.m */,
			);
			path = "ELKChained-Example";
			sourceTree = "<group>";
		};
		AB5FD8B522A78F5200BD8A3E /* Supports */ = {
			isa = PBXGroup;
			children = (
				AB0AFBAB22A66C1D00903D14 /* Main.storyboard */,
				AB0AFBAE22A66C1E00903D14 /* Assets.xcassets */,
				AB0AFBB022A66C1E00903D14 /* LaunchScreen.storyboard */,
				AB0AFBB322A66C1E00903D14 /* Info.plist */,
				AB0AFBB422A66C1E00903D14 /* main.m */,
			);
			path = Supports;
			sourceTree = "<group>";
		};
/* End PBXGroup section */

/* Begin PBXNativeTarget section */
		AB0AFBA122A66C1D00903D14 /* ELKChained-master */ = {
			isa = PBXNativeTarget;
			buildConfigurationList = AB0AFBCE22A66C1E00903D14 /* Build configuration list for PBXNativeTarget "ELKChained-master" */;
			buildPhases = (
				AB0AFB9E22A66C1D00903D14 /* Sources */,
				AB0AFB9F22A66C1D00903D14 /* Frameworks */,
				AB0AFBA022A66C1D00903D14 /* Resources */,
			);
			buildRules = (
			);
			dependencies = (
			);
			name = "ELKChained-master";
			productName = "ELKChained-master";
			productReference = AB0AFBA222A66C1D00903D14 /* ELKChained-master.app */;
			productType = "com.apple.product-type.application";
		};
		AB0AFBB922A66C1E00903D14 /* ELKChained-masterTests */ = {
			isa = PBXNativeTarget;
			buildConfigurationList = AB0AFBD122A66C1E00903D14 /* Build configuration list for PBXNativeTarget "ELKChained-masterTests" */;
			buildPhases = (
				AB0AFBB622A66C1E00903D14 /* Sources */,
				AB0AFBB722A66C1E00903D14 /* Frameworks */,
				AB0AFBB822A66C1E00903D14 /* Resources */,
			);
			buildRules = (
			);
			dependencies = (
				AB0AFBBC22A66C1E00903D14 /* PBXTargetDependency */,
			);
			name = "ELKChained-masterTests";
			productName = "ELKChained-masterTests";
			productReference = AB0AFBBA22A66C1E00903D14 /* ELKChained-masterTests.xctest */;
			productType = "com.apple.product-type.bundle.unit-test";
		};
		AB0AFBC422A66C1E00903D14 /* ELKChained-masterUITests */ = {
			isa = PBXNativeTarget;
			buildConfigurationList = AB0AFBD422A66C1E00903D14 /* Build configuration list for PBXNativeTarget "ELKChained-masterUITests" */;
			buildPhases = (
				AB0AFBC122A66C1E00903D14 /* Sources */,
				AB0AFBC222A66C1E00903D14 /* Frameworks */,
				AB0AFBC322A66C1E00903D14 /* Resources */,
			);
			buildRules = (
			);
			dependencies = (
				AB0AFBC722A66C1E00903D14 /* PBXTargetDependency */,
			);
			name = "ELKChained-masterUITests";
			productName = "ELKChained-masterUITests";
			productReference = AB0AFBC522A66C1E00903D14 /* ELKChained-masterUITests.xctest */;
			productType = "com.apple.product-type.bundle.ui-testing";
		};
/* End PBXNativeTarget section */

/* Begin PBXProject section */
		AB0AFB9A22A66C1D00903D14 /* Project object */ = {
			isa = PBXProject;
			attributes = {
				LastUpgradeCheck = 1020;
				ORGANIZATIONNAME = elk;
				TargetAttributes = {
					AB0AFBA122A66C1D00903D14 = {
						CreatedOnToolsVersion = 10.2.1;
					};
					AB0AFBB922A66C1E00903D14 = {
						CreatedOnToolsVersion = 10.2.1;
						TestTargetID = AB0AFBA122A66C1D00903D14;
					};
					AB0AFBC422A66C1E00903D14 = {
						CreatedOnToolsVersion = 10.2.1;
						TestTargetID = AB0AFBA122A66C1D00903D14;
					};
				};
			};
			buildConfigurationList = AB0AFB9D22A66C1D00903D14 /* Build configuration list for PBXProject "ELKChained-master" */;
			compatibilityVersion = "Xcode 9.3";
			developmentRegion = en;
			hasScannedForEncodings = 0;
			knownRegions = (
				en,
				Base,
			);
			mainGroup = AB0AFB9922A66C1D00903D14;
			productRefGroup = AB0AFBA322A66C1D00903D14 /* Products */;
			projectDirPath = "";
			projectRoot = "";
			targets = (
				AB0AFBA122A66C1D00903D14 /* ELKChained-master */,
				AB0AFBB922A66C1E00903D14 /* ELKChained-masterTests */,
				AB0AFBC422A66C1E00903D14 /* ELKChained-masterUITests */,
			);
		};
/* End PBXProject section */

/* Begin PBXResourcesBuildPhase section */
		AB0AFBA022A66C1D00903D14 /* Resources */ = {
			isa = PBXResourcesBuildPhase;
			buildActionMask = 2147483647;
			files = (
				AB0AFBB222A66C1E00903D14 /* LaunchScreen.storyboard in Resources */,
				AB0AFBAF22A66C1E00903D14 /* Assets.xcassets in Resources */,
				AB0AFBAD22A66C1D00903D14 /* Main.storyboard in Resources */,
			);
			runOnlyForDeploymentPostprocessing = 0;
		};
		AB0AFBB822A66C1E00903D14 /* Resources */ = {
			isa = PBXResourcesBuildPhase;
			buildActionMask = 2147483647;
			files = (
			);
			runOnlyForDeploymentPostprocessing = 0;
		};
		AB0AFBC322A66C1E00903D14 /* Resources */ = {
			isa = PBXResourcesBuildPhase;
			buildActionMask = 2147483647;
			files = (
			);
			runOnlyForDeploymentPostprocessing = 0;
		};
/* End PBXResourcesBuildPhase section */

/* Begin PBXSourcesBuildPhase section */
		AB0AFB9E22A66C1D00903D14 /* Sources */ = {
			isa = PBXSourcesBuildPhase;
			buildActionMask = 2147483647;
			files = (
				AB2F687422B7449B0068ACA6 /* UITextView+ELKChainedAlloy.m in Sources */,
				AB2F687722B7449B0068ACA6 /* UIControl+ELKChainedAlloy.m in Sources */,
				AB2F687622B7449B0068ACA6 /* UIView+ELKChainedAlloy.m in Sources */,
				AB2F687322B7449B0068ACA6 /* UIImageView+ELKChainedAlloy.m in Sources */,
				AB2F687822B7449B0068ACA6 /* UIButton+ELKChainedAlloy.m in Sources */,
				AB0AFBAA22A66C1D00903D14 /* ViewController.m in Sources */,
				AB2F687122B7449B0068ACA6 /* UIScrollView+ELKChainedAlloy.m in Sources */,
				AB0AFBB522A66C1E00903D14 /* main.m in Sources */,
				AB2F686F22B7449B0068ACA6 /* UICollectionView+ELKChainedAlloy.m in Sources */,
				AB0D2DB822C2201F00AFEAF8 /* UIColor+ELKChainedAlloy.m in Sources */,
				AB2F687A22B7449B0068ACA6 /* NSString+ELKChainedAlloy.m in Sources */,
				AB0AFBA722A66C1D00903D14 /* AppDelegate.m in Sources */,
				AB2F687522B7449B0068ACA6 /* UITextField+ELKChainedAlloy.m in Sources */,
				AB25EB96232744AD007D606D /* UICollectionViewFlowLayout+ELKChainedAlloy.m in Sources */,
				AB0D2DB522C2201100AFEAF8 /* UIFont+ELKChainedAlloy.m in Sources */,
				AB2F687022B7449B0068ACA6 /* UITableView+ELKChainedAlloy.m in Sources */,
				AB2F687222B7449B0068ACA6 /* UILabel+ELKChainedAlloy.m in Sources */,
				AB2F687922B7449B0068ACA6 /* NSObject+ELKChainedAlloy.m in Sources */,
				AB25EB902327331E007D606D /* UITableViewCell+ELKChainedAlloy.m in Sources */,
			);
			runOnlyForDeploymentPostprocessing = 0;
		};
		AB0AFBB622A66C1E00903D14 /* Sources */ = {
			isa = PBXSourcesBuildPhase;
			buildActionMask = 2147483647;
			files = (
				AB0AFBBF22A66C1E00903D14 /* ELKChained_masterTests.m in Sources */,
			);
			runOnlyForDeploymentPostprocessing = 0;
		};
		AB0AFBC122A66C1E00903D14 /* Sources */ = {
			isa = PBXSourcesBuildPhase;
			buildActionMask = 2147483647;
			files = (
				AB0AFBCA22A66C1E00903D14 /* ELKChained_masterUITests.m in Sources */,
			);
			runOnlyForDeploymentPostprocessing = 0;
		};
/* End PBXSourcesBuildPhase section */

/* Begin PBXTargetDependency section */
		AB0AFBBC22A66C1E00903D14 /* PBXTargetDependency */ = {
			isa = PBXTargetDependency;
			target = AB0AFBA122A66C1D00903D14 /* ELKChained-master */;
			targetProxy = AB0AFBBB22A66C1E00903D14 /* PBXContainerItemProxy */;
		};
		AB0AFBC722A66C1E00903D14 /* PBXTargetDependency */ = {
			isa = PBXTargetDependency;
			target = AB0AFBA122A66C1D00903D14 /* ELKChained-master */;
			targetProxy = AB0AFBC622A66C1E00903D14 /* PBXContainerItemProxy */;
		};
/* End PBXTargetDependency section */

/* Begin PBXVariantGroup section */
		AB0AFBAB22A66C1D00903D14 /* Main.storyboard */ = {
			isa = PBXVariantGroup;
			children = (
				AB0AFBAC22A66C1D00903D14 /* Base */,
			);
			name = Main.storyboard;
			sourceTree = "<group>";
		};
		AB0AFBB022A66C1E00903D14 /* LaunchScreen.storyboard */ = {
			isa = PBXVariantGroup;
			children = (
				AB0AFBB122A66C1E00903D14 /* Base */,
			);
			name = LaunchScreen.storyboard;
			sourceTree = "<group>";
		};
/* End PBXVariantGroup section */

/* Begin XCBuildConfiguration section */
		AB0AFBCC22A66C1E00903D14 /* Debug */ = {
			isa = XCBuildConfiguration;
			buildSettings = {
				ALWAYS_SEARCH_USER_PATHS = NO;
				CLANG_ANALYZER_NONNULL = YES;
				CLANG_ANALYZER_NUMBER_OBJECT_CONVERSION = YES_AGGRESSIVE;
				CLANG_CXX_LANGUAGE_STANDARD = "gnu++14";
				CLANG_CXX_LIBRARY = "libc++";
				CLANG_ENABLE_MODULES = YES;
				CLANG_ENABLE_OBJC_ARC = YES;
				CLANG_ENABLE_OBJC_WEAK = YES;
				CLANG_WARN_BLOCK_CAPTURE_AUTORELEASING = YES;
				CLANG_WARN_BOOL_CONVERSION = YES;
				CLANG_WARN_COMMA = YES;
				CLANG_WARN_CONSTANT_CONVERSION = YES;
				CLANG_WARN_DEPRECATED_OBJC_IMPLEMENTATIONS = YES;
				CLANG_WARN_DIRECT_OBJC_ISA_USAGE = YES_ERROR;
				CLANG_WARN_DOCUMENTATION_COMMENTS = YES;
				CLANG_WARN_EMPTY_BODY = YES;
				CLANG_WARN_ENUM_CONVERSION = YES;
				CLANG_WARN_INFINITE_RECURSION = YES;
				CLANG_WARN_INT_CONVERSION = YES;
				CLANG_WARN_NON_LITERAL_NULL_CONVERSION = YES;
				CLANG_WARN_OBJC_IMPLICIT_RETAIN_SELF = YES;
				CLANG_WARN_OBJC_LITERAL_CONVERSION = YES;
				CLANG_WARN_OBJC_ROOT_CLASS = YES_ERROR;
				CLANG_WARN_RANGE_LOOP_ANALYSIS = YES;
				CLANG_WARN_STRICT_PROTOTYPES = YES;
				CLANG_WARN_SUSPICIOUS_MOVE = YES;
				CLANG_WARN_UNGUARDED_AVAILABILITY = YES_AGGRESSIVE;
				CLANG_WARN_UNREACHABLE_CODE = YES;
				CLANG_WARN__DUPLICATE_METHOD_MATCH = YES;
				CODE_SIGN_IDENTITY = "iPhone Developer";
				COPY_PHASE_STRIP = NO;
				DEBUG_INFORMATION_FORMAT = dwarf;
				ENABLE_STRICT_OBJC_MSGSEND = YES;
				ENABLE_TESTABILITY = YES;
				GCC_C_LANGUAGE_STANDARD = gnu11;
				GCC_DYNAMIC_NO_PIC = NO;
				GCC_NO_COMMON_BLOCKS = YES;
				GCC_OPTIMIZATION_LEVEL = 0;
				GCC_PREPROCESSOR_DEFINITIONS = (
					"DEBUG=1",
					"$(inherited)",
				);
				GCC_WARN_64_TO_32_BIT_CONVERSION = YES;
				GCC_WARN_ABOUT_RETURN_TYPE = YES_ERROR;
				GCC_WARN_UNDECLARED_SELECTOR = YES;
				GCC_WARN_UNINITIALIZED_AUTOS = YES_AGGRESSIVE;
				GCC_WARN_UNUSED_FUNCTION = YES;
				GCC_WARN_UNUSED_VARIABLE = YES;
				IPHONEOS_DEPLOYMENT_TARGET = 12.2;
				MTL_ENABLE_DEBUG_INFO = INCLUDE_SOURCE;
				MTL_FAST_MATH = YES;
				ONLY_ACTIVE_ARCH = YES;
				SDKROOT = iphoneos;
			};
			name = Debug;
		};
		AB0AFBCD22A66C1E00903D14 /* Release */ = {
			isa = XCBuildConfiguration;
			buildSettings = {
				ALWAYS_SEARCH_USER_PATHS = NO;
				CLANG_ANALYZER_NONNULL = YES;
				CLANG_ANALYZER_NUMBER_OBJECT_CONVERSION = YES_AGGRESSIVE;
				CLANG_CXX_LANGUAGE_STANDARD = "gnu++14";
				CLANG_CXX_LIBRARY = "libc++";
				CLANG_ENABLE_MODULES = YES;
				CLANG_ENABLE_OBJC_ARC = YES;
				CLANG_ENABLE_OBJC_WEAK = YES;
				CLANG_WARN_BLOCK_CAPTURE_AUTORELEASING = YES;
				CLANG_WARN_BOOL_CONVERSION = YES;
				CLANG_WARN_COMMA = YES;
				CLANG_WARN_CONSTANT_CONVERSION = YES;
				CLANG_WARN_DEPRECATED_OBJC_IMPLEMENTATIONS = YES;
				CLANG_WARN_DIRECT_OBJC_ISA_USAGE = YES_ERROR;
				CLANG_WARN_DOCUMENTATION_COMMENTS = YES;
				CLANG_WARN_EMPTY_BODY = YES;
				CLANG_WARN_ENUM_CONVERSION = YES;
				CLANG_WARN_INFINITE_RECURSION = YES;
				CLANG_WARN_INT_CONVERSION = YES;
				CLANG_WARN_NON_LITERAL_NULL_CONVERSION = YES;
				CLANG_WARN_OBJC_IMPLICIT_RETAIN_SELF = YES;
				CLANG_WARN_OBJC_LITERAL_CONVERSION = YES;
				CLANG_WARN_OBJC_ROOT_CLASS = YES_ERROR;
				CLANG_WARN_RANGE_LOOP_ANALYSIS = YES;
				CLANG_WARN_STRICT_PROTOTYPES = YES;
				CLANG_WARN_SUSPICIOUS_MOVE = YES;
				CLANG_WARN_UNGUARDED_AVAILABILITY = YES_AGGRESSIVE;
				CLANG_WARN_UNREACHABLE_CODE = YES;
				CLANG_WARN__DUPLICATE_METHOD_MATCH = YES;
				CODE_SIGN_IDENTITY = "iPhone Developer";
				COPY_PHASE_STRIP = NO;
				DEBUG_INFORMATION_FORMAT = "dwarf-with-dsym";
				ENABLE_NS_ASSERTIONS = NO;
				ENABLE_STRICT_OBJC_MSGSEND = YES;
				GCC_C_LANGUAGE_STANDARD = gnu11;
				GCC_NO_COMMON_BLOCKS = YES;
				GCC_WARN_64_TO_32_BIT_CONVERSION = YES;
				GCC_WARN_ABOUT_RETURN_TYPE = YES_ERROR;
				GCC_WARN_UNDECLARED_SELECTOR = YES;
				GCC_WARN_UNINITIALIZED_AUTOS = YES_AGGRESSIVE;
				GCC_WARN_UNUSED_FUNCTION = YES;
				GCC_WARN_UNUSED_VARIABLE = YES;
				IPHONEOS_DEPLOYMENT_TARGET = 12.2;
				MTL_ENABLE_DEBUG_INFO = NO;
				MTL_FAST_MATH = YES;
				SDKROOT = iphoneos;
				VALIDATE_PRODUCT = YES;
			};
			name = Release;
		};
		AB0AFBCF22A66C1E00903D14 /* Debug */ = {
			isa = XCBuildConfiguration;
			buildSettings = {
				ASSETCATALOG_COMPILER_APPICON_NAME = AppIcon;
				CODE_SIGN_STYLE = Automatic;
				DEVELOPMENT_TEAM = J8BTB638K2;
				INFOPLIST_FILE = "$(SRCROOT)/ELKChained-master/Supports/Info.plist";
				IPHONEOS_DEPLOYMENT_TARGET = 9.0;
				LD_RUNPATH_SEARCH_PATHS = (
					"$(inherited)",
					"@executable_path/Frameworks",
				);
				PRODUCT_BUNDLE_IDENTIFIER = "com.elk.ELKChained-master";
				PRODUCT_NAME = "$(TARGET_NAME)";
				TARGETED_DEVICE_FAMILY = "1,2";
			};
			name = Debug;
		};
		AB0AFBD022A66C1E00903D14 /* Release */ = {
			isa = XCBuildConfiguration;
			buildSettings = {
				ASSETCATALOG_COMPILER_APPICON_NAME = AppIcon;
				CODE_SIGN_STYLE = Automatic;
				DEVELOPMENT_TEAM = J8BTB638K2;
				INFOPLIST_FILE = "$(SRCROOT)/ELKChained-master/Supports/Info.plist";
				IPHONEOS_DEPLOYMENT_TARGET = 9.0;
				LD_RUNPATH_SEARCH_PATHS = (
					"$(inherited)",
					"@executable_path/Frameworks",
				);
				PRODUCT_BUNDLE_IDENTIFIER = "com.elk.ELKChained-master";
				PRODUCT_NAME = "$(TARGET_NAME)";
				TARGETED_DEVICE_FAMILY = "1,2";
			};
			name = Release;
		};
		AB0AFBD222A66C1E00903D14 /* Debug */ = {
			isa = XCBuildConfiguration;
			buildSettings = {
				BUNDLE_LOADER = "$(TEST_HOST)";
				CODE_SIGN_STYLE = Automatic;
				DEVELOPMENT_TEAM = J8BTB638K2;
				INFOPLIST_FILE = "ELKChained-masterTests/Info.plist";
				LD_RUNPATH_SEARCH_PATHS = (
					"$(inherited)",
					"@executable_path/Frameworks",
					"@loader_path/Frameworks",
				);
				PRODUCT_BUNDLE_IDENTIFIER = "com.elk.ELKChained-masterTests";
				PRODUCT_NAME = "$(TARGET_NAME)";
				TARGETED_DEVICE_FAMILY = "1,2";
				TEST_HOST = "$(BUILT_PRODUCTS_DIR)/ELKChained-master.app/ELKChained-master";
			};
			name = Debug;
		};
		AB0AFBD322A66C1E00903D14 /* Release */ = {
			isa = XCBuildConfiguration;
			buildSettings = {
				BUNDLE_LOADER = "$(TEST_HOST)";
				CODE_SIGN_STYLE = Automatic;
				DEVELOPMENT_TEAM = J8BTB638K2;
				INFOPLIST_FILE = "ELKChained-masterTests/Info.plist";
				LD_RUNPATH_SEARCH_PATHS = (
					"$(inherited)",
					"@executable_path/Frameworks",
					"@loader_path/Frameworks",
				);
				PRODUCT_BUNDLE_IDENTIFIER = "com.elk.ELKChained-masterTests";
				PRODUCT_NAME = "$(TARGET_NAME)";
				TARGETED_DEVICE_FAMILY = "1,2";
				TEST_HOST = "$(BUILT_PRODUCTS_DIR)/ELKChained-master.app/ELKChained-master";
			};
			name = Release;
		};
		AB0AFBD522A66C1E00903D14 /* Debug */ = {
			isa = XCBuildConfiguration;
			buildSettings = {
				CODE_SIGN_STYLE = Automatic;
				DEVELOPMENT_TEAM = J8BTB638K2;
				INFOPLIST_FILE = "ELKChained-masterUITests/Info.plist";
				LD_RUNPATH_SEARCH_PATHS = (
					"$(inherited)",
					"@executable_path/Frameworks",
					"@loader_path/Frameworks",
				);
				PRODUCT_BUNDLE_IDENTIFIER = "com.elk.ELKChained-masterUITests";
				PRODUCT_NAME = "$(TARGET_NAME)";
				TARGETED_DEVICE_FAMILY = "1,2";
				TEST_TARGET_NAME = "ELKChained-master";
			};
			name = Debug;
		};
		AB0AFBD622A66C1E00903D14 /* Release */ = {
			isa = XCBuildConfiguration;
			buildSettings = {
				CODE_SIGN_STYLE = Automatic;
				DEVELOPMENT_TEAM = J8BTB638K2;
				INFOPLIST_FILE = "ELKChained-masterUITests/Info.plist";
				LD_RUNPATH_SEARCH_PATHS = (
					"$(inherited)",
					"@executable_path/Frameworks",
					"@loader_path/Frameworks",
				);
				PRODUCT_BUNDLE_IDENTIFIER = "com.elk.ELKChained-masterUITests";
				PRODUCT_NAME = "$(TARGET_NAME)";
				TARGETED_DEVICE_FAMILY = "1,2";
				TEST_TARGET_NAME = "ELKChained-master";
			};
			name = Release;
		};
/* End XCBuildConfiguration section */

/* Begin XCConfigurationList section */
		AB0AFB9D22A66C1D00903D14 /* Build configuration list for PBXProject "ELKChained-master" */ = {
			isa = XCConfigurationList;
			buildConfigurations = (
				AB0AFBCC22A66C1E00903D14 /* Debug */,
				AB0AFBCD22A66C1E00903D14 /* Release */,
			);
			defaultConfigurationIsVisible = 0;
			defaultConfigurationName = Release;
		};
		AB0AFBCE22A66C1E00903D14 /* Build configuration list for PBXNativeTarget "ELKChained-master" */ = {
			isa = XCConfigurationList;
			buildConfigurations = (
				AB0AFBCF22A66C1E00903D14 /* Debug */,
				AB0AFBD022A66C1E00903D14 /* Release */,
			);
			defaultConfigurationIsVisible = 0;
			defaultConfigurationName = Release;
		};
		AB0AFBD122A66C1E00903D14 /* Build configuration list for PBXNativeTarget "ELKChained-masterTests" */ = {
			isa = XCConfigurationList;
			buildConfigurations = (
				AB0AFBD222A66C1E00903D14 /* Debug */,
				AB0AFBD322A66C1E00903D14 /* Release */,
			);
			defaultConfigurationIsVisible = 0;
			defaultConfigurationName = Release;
		};
		AB0AFBD422A66C1E00903D14 /* Build configuration list for PBXNativeTarget "ELKChained-masterUITests" */ = {
			isa = XCConfigurationList;
			buildConfigurations = (
				AB0AFBD522A66C1E00903D14 /* Debug */,
				AB0AFBD622A66C1E00903D14 /* Release */,
			);
			defaultConfigurationIsVisible = 0;
			defaultConfigurationName = Release;
		};
/* End XCConfigurationList section */
	};
	rootObject = AB0AFB9A22A66C1D00903D14 /* Project object */;
}
